// !$*UTF8*$!
{
	archiveVersion = 1;
	classes = {
	};
	objectVersion = 46;
	objects = {

/* Begin PBXBuildFile section */
		26AE89281ED90AD00071D79C /* AppDelegate.swift in Sources */ = {isa = PBXBuildFile; fileRef = 26AE89271ED90AD00071D79C /* AppDelegate.swift */; };
		26AE892A1ED90AD00071D79C /* ViewController.swift in Sources */ = {isa = PBXBuildFile; fileRef = 26AE89291ED90AD00071D79C /* ViewController.swift */; };
		26AE892D1ED90AD00071D79C /* Main.storyboard in Resources */ = {isa = PBXBuildFile; fileRef = 26AE892B1ED90AD00071D79C /* Main.storyboard */; };
		26AE89301ED90AD00071D79C /* q.xcdatamodeld in Sources */ = {isa = PBXBuildFile; fileRef = 26AE892E1ED90AD00071D79C /* q.xcdatamodeld */; };
		26AE89321ED90AD00071D79C /* Assets.xcassets in Resources */ = {isa = PBXBuildFile; fileRef = 26AE89311ED90AD00071D79C /* Assets.xcassets */; };
		26AE89351ED90AD00071D79C /* LaunchScreen.storyboard in Resources */ = {isa = PBXBuildFile; fileRef = 26AE89331ED90AD00071D79C /* LaunchScreen.storyboard */; };
		26F96ECE1EDCB8C300A8B495 /* GoogleService-Info.plist in Resources */ = {isa = PBXBuildFile; fileRef = 26F96ECD1EDCB8C300A8B495 /* GoogleService-Info.plist */; };
		3711B2865D363C9E847CE5C4 /* Pods_q.framework in Frameworks */ = {isa = PBXBuildFile; fileRef = 4E7D8463C9E6B8D09192BEA0 /* Pods_q.framework */; };
/* End PBXBuildFile section */

/* Begin PBXFileReference section */
		26AE89241ED90AD00071D79C /* q.app */ = {isa = PBXFileReference; explicitFileType = wrapper.application; includeInIndex = 0; path = q.app; sourceTree = BUILT_PRODUCTS_DIR; };
		26AE89271ED90AD00071D79C /* AppDelegate.swift */ = {isa = PBXFileReference; lastKnownFileType = sourcecode.swift; path = AppDelegate.swift; sourceTree = "<group>"; };
		26AE89291ED90AD00071D79C /* ViewController.swift */ = {isa = PBXFileReference; lastKnownFileType = sourcecode.swift; path = ViewController.swift; sourceTree = "<group>"; };
		26AE892C1ED90AD00071D79C /* Base */ = {isa = PBXFileReference; lastKnownFileType = file.storyboard; name = Base; path = Base.lproj/Main.storyboard; sourceTree = "<group>"; };
		26AE892F1ED90AD00071D79C /* q.xcdatamodel */ = {isa = PBXFileReference; lastKnownFileType = wrapper.xcdatamodel; path = q.xcdatamodel; sourceTree = "<group>"; };
		26AE89311ED90AD00071D79C /* Assets.xcassets */ = {isa = PBXFileReference; lastKnownFileType = folder.assetcatalog; path = Assets.xcassets; sourceTree = "<group>"; };
		26AE89341ED90AD00071D79C /* Base */ = {isa = PBXFileReference; lastKnownFileType = file.storyboard; name = Base; path = Base.lproj/LaunchScreen.storyboard; sourceTree = "<group>"; };
		26AE89361ED90AD00071D79C /* Info.plist */ = {isa = PBXFileReference; lastKnownFileType = text.plist.xml; path = Info.plist; sourceTree = "<group>"; };
		26F96ECD1EDCB8C300A8B495 /* GoogleService-Info.plist */ = {isa = PBXFileReference; fileEncoding = 4; lastKnownFileType = text.plist.xml; path = "GoogleService-Info.plist"; sourceTree = "<group>"; };
		4E7D8463C9E6B8D09192BEA0 /* Pods_q.framework */ = {isa = PBXFileReference; explicitFileType = wrapper.framework; includeInIndex = 0; path = Pods_q.framework; sourceTree = BUILT_PRODUCTS_DIR; };
		D1F89909B4F184F06EE6E6EC /* Pods-q.release.xcconfig */ = {isa = PBXFileReference; includeInIndex = 1; lastKnownFileType = text.xcconfig; name = "Pods-q.release.xcconfig"; path = "Pods/Target Support Files/Pods-q/Pods-q.release.xcconfig"; sourceTree = "<group>"; };
		ED1615F54DEEDCD8C20BF9D0 /* Pods-q.debug.xcconfig */ = {isa = PBXFileReference; includeInIndex = 1; lastKnownFileType = text.xcconfig; name = "Pods-q.debug.xcconfig"; path = "Pods/Target Support Files/Pods-q/Pods-q.debug.xcconfig"; sourceTree = "<group>"; };
/* End PBXFileReference section */

/* Begin PBXFrameworksBuildPhase section */
		26AE89211ED90AD00071D79C /* Frameworks */ = {
			isa = PBXFrameworksBuildPhase;
			buildActionMask = 2147483647;
			files = (
				3711B2865D363C9E847CE5C4 /* Pods_q.framework in Frameworks */,
			);
			runOnlyForDeploymentPostprocessing = 0;
		};
/* End PBXFrameworksBuildPhase section */

/* Begin PBXGroup section */
		26AE891B1ED90AD00071D79C = {
			isa = PBXGroup;
			children = (
				26AE89261ED90AD00071D79C /* q */,
				26AE89251ED90AD00071D79C /* Products */,
				901D27AF894FE3F4285C5FA6 /* Pods */,
				309FF44C32271C13FB9EB7CC /* Frameworks */,
			);
			sourceTree = "<group>";
		};
		26AE89251ED90AD00071D79C /* Products */ = {
			isa = PBXGroup;
			children = (
				26AE89241ED90AD00071D79C /* q.app */,
			);
			name = Products;
			sourceTree = "<group>";
		};
		26AE89261ED90AD00071D79C /* q */ = {
			isa = PBXGroup;
			children = (
				26AE89271ED90AD00071D79C /* AppDelegate.swift */,
				26AE89291ED90AD00071D79C /* ViewController.swift */,
				26AE892B1ED90AD00071D79C /* Main.storyboard */,
				26AE89311ED90AD00071D79C /* Assets.xcassets */,
				26AE89331ED90AD00071D79C /* LaunchScreen.storyboard */,
				26F96ECD1EDCB8C300A8B495 /* GoogleService-Info.plist */,
				26AE89361ED90AD00071D79C /* Info.plist */,
				26AE892E1ED90AD00071D79C /* q.xcdatamodeld */,
			);
			path = q;
			sourceTree = "<group>";
		};
		309FF44C32271C13FB9EB7CC /* Frameworks */ = {
			isa = PBXGroup;
			children = (
				4E7D8463C9E6B8D09192BEA0 /* Pods_q.framework */,
			);
			name = Frameworks;
			sourceTree = "<group>";
		};
		901D27AF894FE3F4285C5FA6 /* Pods */ = {
			isa = PBXGroup;
			children = (
				ED1615F54DEEDCD8C20BF9D0 /* Pods-q.debug.xcconfig */,
				D1F89909B4F184F06EE6E6EC /* Pods-q.release.xcconfig */,
			);
			name = Pods;
			sourceTree = "<group>";
		};
/* End PBXGroup section */

/* Begin PBXNativeTarget section */
		26AE89231ED90AD00071D79C /* q */ = {
			isa = PBXNativeTarget;
			buildConfigurationList = 26AE89391ED90AD00071D79C /* Build configuration list for PBXNativeTarget "q" */;
			buildPhases = (
				C7F969D2D3574762C0EA1674 /* [CP] Check Pods Manifest.lock */,
				26AE89201ED90AD00071D79C /* Sources */,
				26AE89211ED90AD00071D79C /* Frameworks */,
				26AE89221ED90AD00071D79C /* Resources */,
				4358941D1AECC803D4DD85A9 /* [CP] Embed Pods Frameworks */,
				6CA31DBF70FA8C8CE9C693EE /* [CP] Copy Pods Resources */,
			);
			buildRules = (
			);
			dependencies = (
			);
			name = q;
			productName = q;
			productReference = 26AE89241ED90AD00071D79C /* q.app */;
			productType = "com.apple.product-type.application";
		};
/* End PBXNativeTarget section */

/* Begin PBXProject section */
		26AE891C1ED90AD00071D79C /* Project object */ = {
			isa = PBXProject;
			attributes = {
				LastSwiftUpdateCheck = 0830;
				LastUpgradeCheck = 0830;
				ORGANIZATIONNAME = "William Huang";
				TargetAttributes = {
					26AE89231ED90AD00071D79C = {
						CreatedOnToolsVersion = 8.3.2;
						DevelopmentTeam = KDGWDMD53Y;
						ProvisioningStyle = Automatic;
					};
				};
			};
			buildConfigurationList = 26AE891F1ED90AD00071D79C /* Build configuration list for PBXProject "q" */;
			compatibilityVersion = "Xcode 3.2";
			developmentRegion = English;
			hasScannedForEncodings = 0;
			knownRegions = (
				en,
				Base,
			);
			mainGroup = 26AE891B1ED90AD00071D79C;
			productRefGroup = 26AE89251ED90AD00071D79C /* Products */;
			projectDirPath = "";
			projectRoot = "";
			targets = (
				26AE89231ED90AD00071D79C /* q */,
			);
		};
/* End PBXProject section */

/* Begin PBXResourcesBuildPhase section */
		26AE89221ED90AD00071D79C /* Resources */ = {
			isa = PBXResourcesBuildPhase;
			buildActionMask = 2147483647;
			files = (
				26AE89351ED90AD00071D79C /* LaunchScreen.storyboard in Resources */,
				26F96ECE1EDCB8C300A8B495 /* GoogleService-Info.plist in Resources */,
				26AE89321ED90AD00071D79C /* Assets.xcassets in Resources */,
				26AE892D1ED90AD00071D79C /* Main.storyboard in Resources */,
			);
			runOnlyForDeploymentPostprocessing = 0;
		};
/* End PBXResourcesBuildPhase section */

/* Begin PBXShellScriptBuildPhase section */
		4358941D1AECC803D4DD85A9 /* [CP] Embed Pods Frameworks */ = {
			isa = PBXShellScriptBuildPhase;
			buildActionMask = 2147483647;
			files = (
			);
			inputPaths = (
			);
			name = "[CP] Embed Pods Frameworks";
			outputPaths = (
			);
			runOnlyForDeploymentPostprocessing = 0;
			shellPath = /bin/sh;
			shellScript = "\"${SRCROOT}/Pods/Target Support Files/Pods-q/Pods-q-frameworks.sh\"\n";
			showEnvVarsInLog = 0;
		};
		6CA31DBF70FA8C8CE9C693EE /* [CP] Copy Pods Resources */ = {
			isa = PBXShellScriptBuildPhase;
			buildActionMask = 2147483647;
			files = (
			);
			inputPaths = (
			);
			name = "[CP] Copy Pods Resources";
			outputPaths = (
			);
			runOnlyForDeploymentPostprocessing = 0;
			shellPath = /bin/sh;
			shellScript = "\"${SRCROOT}/Pods/Target Support Files/Pods-q/Pods-q-resources.sh\"\n";
			showEnvVarsInLog = 0;
		};
		C7F969D2D3574762C0EA1674 /* [CP] Check Pods Manifest.lock */ = {
			isa = PBXShellScriptBuildPhase;
			buildActionMask = 2147483647;
			files = (
			);
			inputPaths = (
			);
			name = "[CP] Check Pods Manifest.lock";
			outputPaths = (
			);
			runOnlyForDeploymentPostprocessing = 0;
			shellPath = /bin/sh;
			shellScript = "diff \"${PODS_ROOT}/../Podfile.lock\" \"${PODS_ROOT}/Manifest.lock\" > /dev/null\nif [ $? != 0 ] ; then\n    # print error to STDERR\n    echo \"error: The sandbox is not in sync with the Podfile.lock. Run 'pod install' or update your CocoaPods installation.\" >&2\n    exit 1\nfi\n";
			showEnvVarsInLog = 0;
		};
/* End PBXShellScriptBuildPhase section */

/* Begin PBXSourcesBuildPhase section */
		26AE89201ED90AD00071D79C /* Sources */ = {
			isa = PBXSourcesBuildPhase;
			buildActionMask = 2147483647;
			files = (
				26AE892A1ED90AD00071D79C /* ViewController.swift in Sources */,
				26AE89301ED90AD00071D79C /* q.xcdatamodeld in Sources */,
				26AE89281ED90AD00071D79C /* AppDelegate.swift in Sources */,
			);
			runOnlyForDeploymentPostprocessing = 0;
		};
/* End PBXSourcesBuildPhase section */

/* Begin PBXVariantGroup section */
		26AE892B1ED90AD00071D79C /* Main.storyboard */ = {
			isa = PBXVariantGroup;
			children = (
				26AE892C1ED90AD00071D79C /* Base */,
			);
			name = Main.storyboard;
			sourceTree = "<group>";
		};
		26AE89331ED90AD00071D79C /* LaunchScreen.storyboard */ = {
			isa = PBXVariantGroup;
			children = (
				26AE89341ED90AD00071D79C /* Base */,
			);
			name = LaunchScreen.storyboard;
			sourceTree = "<group>";
		};
/* End PBXVariantGroup section */

/* Begin XCBuildConfiguration section */
		26AE89371ED90AD00071D79C /* Debug */ = {
			isa = XCBuildConfiguration;
			buildSettings = {
				ALWAYS_SEARCH_USER_PATHS = NO;
				CLANG_ANALYZER_NONNULL = YES;
				CLANG_ANALYZER_NUMBER_OBJECT_CONVERSION = YES_AGGRESSIVE;
				CLANG_CXX_LANGUAGE_STANDARD = "gnu++0x";
				CLANG_CXX_LIBRARY = "libc++";
				CLANG_ENABLE_MODULES = YES;
				CLANG_ENABLE_OBJC_ARC = YES;
				CLANG_WARN_BOOL_CONVERSION = YES;
				CLANG_WARN_CONSTANT_CONVERSION = YES;
				CLANG_WARN_DIRECT_OBJC_ISA_USAGE = YES_ERROR;
				CLANG_WARN_DOCUMENTATION_COMMENTS = YES;
				CLANG_WARN_EMPTY_BODY = YES;
				CLANG_WARN_ENUM_CONVERSION = YES;
				CLANG_WARN_INFINITE_RECURSION = YES;
				CLANG_WARN_INT_CONVERSION = YES;
				CLANG_WARN_OBJC_ROOT_CLASS = YES_ERROR;
				CLANG_WARN_SUSPICIOUS_MOVE = YES;
				CLANG_WARN_UNREACHABLE_CODE = YES;
				CLANG_WARN__DUPLICATE_METHOD_MATCH = YES;
				"CODE_SIGN_IDENTITY[sdk=iphoneos*]" = "iPhone Developer";
				COPY_PHASE_STRIP = NO;
				DEBUG_INFORMATION_FORMAT = dwarf;
				ENABLE_STRICT_OBJC_MSGSEND = YES;
				ENABLE_TESTABILITY = YES;
				GCC_C_LANGUAGE_STANDARD = gnu99;
				GCC_DYNAMIC_NO_PIC = NO;
				GCC_NO_COMMON_BLOCKS = YES;
				GCC_OPTIMIZATION_LEVEL = 0;
				GCC_PREPROCESSOR_DEFINITIONS = (
					"DEBUG=1",
					"$(inherited)",
				);
				GCC_WARN_64_TO_32_BIT_CONVERSION = YES;
				GCC_WARN_ABOUT_RETURN_TYPE = YES_ERROR;
				GCC_WARN_UNDECLARED_SELECTOR = YES;
				GCC_WARN_UNINITIALIZED_AUTOS = YES_AGGRESSIVE;
				GCC_WARN_UNUSED_FUNCTION = YES;
				GCC_WARN_UNUSED_VARIABLE = YES;
				IPHONEOS_DEPLOYMENT_TARGET = 10.3;
				MTL_ENABLE_DEBUG_INFO = YES;
				ONLY_ACTIVE_ARCH = YES;
				SDKROOT = iphoneos;
				SWIFT_ACTIVE_COMPILATION_CONDITIONS = DEBUG;
				SWIFT_OPTIMIZATION_LEVEL = "-Onone";
			};
			name = Debug;
		};
		26AE89381ED90AD00071D79C /* Release */ = {
			isa = XCBuildConfiguration;
			buildSettings = {
				ALWAYS_SEARCH_USER_PATHS = NO;
				CLANG_ANALYZER_NONNULL = YES;
				CLANG_ANALYZER_NUMBER_OBJECT_CONVERSION = YES_AGGRESSIVE;
				CLANG_CXX_LANGUAGE_STANDARD = "gnu++0x";
				CLANG_CXX_LIBRARY = "libc++";
				CLANG_ENABLE_MODULES = YES;
				CLANG_ENABLE_OBJC_ARC = YES;
				CLANG_WARN_BOOL_CONVERSION = YES;
				CLANG_WARN_CONSTANT_CONVERSION = YES;
				CLANG_WARN_DIRECT_OBJC_ISA_USAGE = YES_ERROR;
				CLANG_WARN_DOCUMENTATION_COMMENTS = YES;
				CLANG_WARN_EMPTY_BODY = YES;
				CLANG_WARN_ENUM_CONVERSION = YES;
				CLANG_WARN_INFINITE_RECURSION = YES;
				CLANG_WARN_INT_CONVERSION = YES;
				CLANG_WARN_OBJC_ROOT_CLASS = YES_ERROR;
				CLANG_WARN_SUSPICIOUS_MOVE = YES;
				CLANG_WARN_UNREACHABLE_CODE = YES;
				CLANG_WARN__DUPLICATE_METHOD_MATCH = YES;
				"CODE_SIGN_IDENTITY[sdk=iphoneos*]" = "iPhone Developer";
				COPY_PHASE_STRIP = NO;
				DEBUG_INFORMATION_FORMAT = "dwarf-with-dsym";
				ENABLE_NS_ASSERTIONS = NO;
				ENABLE_STRICT_OBJC_MSGSEND = YES;
				GCC_C_LANGUAGE_STANDARD = gnu99;
				GCC_NO_COMMON_BLOCKS = YES;
				GCC_WARN_64_TO_32_BIT_CONVERSION = YES;
				GCC_WARN_ABOUT_RETURN_TYPE = YES_ERROR;
				GCC_WARN_UNDECLARED_SELECTOR = YES;
				GCC_WARN_UNINITIALIZED_AUTOS = YES_AGGRESSIVE;
				GCC_WARN_UNUSED_FUNCTION = YES;
				GCC_WARN_UNUSED_VARIABLE = YES;
				IPHONEOS_DEPLOYMENT_TARGET = 10.3;
				MTL_ENABLE_DEBUG_INFO = NO;
				SDKROOT = iphoneos;
				SWIFT_OPTIMIZATION_LEVEL = "-Owholemodule";
				VALIDATE_PRODUCT = YES;
			};
			name = Release;
		};
		26AE893A1ED90AD00071D79C /* Debug */ = {
			isa = XCBuildConfiguration;
			baseConfigurationReference = ED1615F54DEEDCD8C20BF9D0 /* Pods-q.debug.xcconfig */;
			buildSettings = {
				ASSETCATALOG_COMPILER_APPICON_NAME = AppIcon;
				DEVELOPMENT_TEAM = KDGWDMD53Y;
				INFOPLIST_FILE = q/Info.plist;
				IPHONEOS_DEPLOYMENT_TARGET = 10.3;
				LD_RUNPATH_SEARCH_PATHS = "$(inherited) @executable_path/Frameworks";
				PRODUCT_BUNDLE_IDENTIFIER = com.hellowilliam.q;
				PRODUCT_NAME = "$(TARGET_NAME)";
				SWIFT_VERSION = 3.0;
			};
			name = Debug;
		};
		26AE893B1ED90AD00071D79C /* Release */ = {
			isa = XCBuildConfiguration;
			baseConfigurationReference = D1F89909B4F184F06EE6E6EC /* Pods-q.release.xcconfig */;
			buildSettings = {
				ASSETCATALOG_COMPILER_APPICON_NAME = AppIcon;
				DEVELOPMENT_TEAM = KDGWDMD53Y;
				INFOPLIST_FILE = q/Info.plist;
				IPHONEOS_DEPLOYMENT_TARGET = 10.3;
				LD_RUNPATH_SEARCH_PATHS = "$(inherited) @executable_path/Frameworks";
				PRODUCT_BUNDLE_IDENTIFIER = com.hellowilliam.q;
				PRODUCT_NAME = "$(TARGET_NAME)";
				SWIFT_VERSION = 3.0;
			};
			name = Release;
		};
/* End XCBuildConfiguration section */

/* Begin XCConfigurationList section */
		26AE891F1ED90AD00071D79C /* Build configuration list for PBXProject "q" */ = {
			isa = XCConfigurationList;
			buildConfigurations = (
				26AE89371ED90AD00071D79C /* Debug */,
				26AE89381ED90AD00071D79C /* Release */,
			);
			defaultConfigurationIsVisible = 0;
			defaultConfigurationName = Release;
		};
		26AE89391ED90AD00071D79C /* Build configuration list for PBXNativeTarget "q" */ = {
			isa = XCConfigurationList;
			buildConfigurations = (
				26AE893A1ED90AD00071D79C /* Debug */,
				26AE893B1ED90AD00071D79C /* Release */,
			);
			defaultConfigurationIsVisible = 0;
			defaultConfigurationName = Release;
		};
/* End XCConfigurationList section */

/* Begin XCVersionGroup section */
		26AE892E1ED90AD00071D79C /* q.xcdatamodeld */ = {
			isa = XCVersionGroup;
			children = (
				26AE892F1ED90AD00071D79C /* q.xcdatamodel */,
			);
			currentVersion = 26AE892F1ED90AD00071D79C /* q.xcdatamodel */;
			path = q.xcdatamodeld;
			sourceTree = "<group>";
			versionGroupType = wrapper.xcdatamodel;
		};
/* End XCVersionGroup section */
	};
	rootObject = 26AE891C1ED90AD00071D79C /* Project object */;
}
